
Microsoft Visual Studio Solution File, Format Version 12.00
# Visual Studio 15
VisualStudioVersion = 15.0.27428.2027
MinimumVisualStudioVersion = 10.0.40219.1
Project("{FAE04EC0-301F-11D3-BF4B-00C04F79EFBC}") = "Lab_13", "Lab_13\Lab_13.csproj", "{86F55FD6-221D-4246-9057-48BE8DBD9181}"
EndProject
Project("{2150E333-8FDC-42A3-9474-1A3956D46DE8}") = "Solution Items", "Solution Items", "{CFD87D4A-4A73-4DCB-AB13-D218E5F3274A}"
	ProjectSection(SolutionItems) = preProject
		.gitignore = .gitignore
	EndProjectSection
EndProject
Global
	GlobalSection(SolutionConfigurationPlatforms) = preSolution
		Debug|Any CPU = Debug|Any CPU
		Release|Any CPU = Release|Any CPU
	EndGlobalSection
	GlobalSection(ProjectConfigurationPlatforms) = postSolution
		{86F55FD6-221D-4246-9057-48BE8DBD9181}.Debug|Any CPU.ActiveCfg = Debug|Any CPU
		{86F55FD6-221D-4246-9057-48BE8DBD9181}.Debug|Any CPU.Build.0 = Debug|Any CPU
		{86F55FD6-221D-4246-9057-48BE8DBD9181}.Release|Any CPU.ActiveCfg = Release|Any CPU
		{86F55FD6-221D-4246-9057-48BE8DBD9181}.Release|Any CPU.Build.0 = Release|Any CPU
	EndGlobalSection
	GlobalSection(SolutionProperties) = preSolution
		HideSolutionNode = FALSE
	EndGlobalSection
	GlobalSection(ExtensibilityGlobals) = postSolution
		SolutionGuid = {ED02A31E-A050-4747-981B-2AA3058392C4}
	EndGlobalSection
EndGlobal
